
Microsoft Visual Studio Solution File, Format Version 12.00
# Visual Studio 15
VisualStudioVersion = 15.0.28307.1169
MinimumVisualStudioVersion = 10.0.40219.1
Project("{FAE04EC0-301F-11D3-BF4B-00C04F79EFBC}") = "BookStore", "BookStore\BookStore.csproj", "{FFBD9966-DF80-4472-8021-603E4E9DEC8E}"
EndProject
Global
	GlobalSection(SolutionConfigurationPlatforms) = preSolution
		Debug|Any CPU = Debug|Any CPU
		Release|Any CPU = Release|Any CPU
	EndGlobalSection
	GlobalSection(ProjectConfigurationPlatforms) = postSolution
		{FFBD9966-DF80-4472-8021-603E4E9DEC8E}.Debug|Any CPU.ActiveCfg = Debug|Any CPU
		{FFBD9966-DF80-4472-8021-603E4E9DEC8E}.Debug|Any CPU.Build.0 = Debug|Any CPU
		{FFBD9966-DF80-4472-8021-603E4E9DEC8E}.Release|Any CPU.ActiveCfg = Release|Any CPU
		{FFBD9966-DF80-4472-8021-603E4E9DEC8E}.Release|Any CPU.Build.0 = Release|Any CPU
	EndGlobalSection
	GlobalSection(SolutionProperties) = preSolution
		HideSolutionNode = FALSE
	EndGlobalSection
	GlobalSection(ExtensibilityGlobals) = postSolution
		SolutionGuid = {930922E7-CCEB-4D53-8A24-C5C8FDF5450C}
	EndGlobalSection
EndGlobal
